
Microsoft Visual Studio Solution File, Format Version 12.00
# Visual Studio Version 16
VisualStudioVersion = 16.0.32413.511
MinimumVisualStudioVersion = 10.0.40219.1
Project("{FAE04EC0-301F-11D3-BF4B-00C04F79EFBC}") = "DataAccess", "DataAccess\DataAccess.csproj", "{E2885DF5-EA21-4DCE-B0DF-F0DA9783F139}"
EndProject
Project("{FAE04EC0-301F-11D3-BF4B-00C04F79EFBC}") = "Business", "Business\Business.csproj", "{40658A66-A105-4A4C-912A-9F6861486324}"
EndProject
Project("{FAE04EC0-301F-11D3-BF4B-00C04F79EFBC}") = "Entities", "Entities\Entities.csproj", "{F1F7604A-1366-4833-AA59-9A267BE23CA1}"
EndProject
Project("{FAE04EC0-301F-11D3-BF4B-00C04F79EFBC}") = "ConsoleUI", "ConsoleUI\ConsoleUI.csproj", "{A221899D-697A-4B85-9214-994542917360}"
EndProject
Global
	GlobalSection(SolutionConfigurationPlatforms) = preSolution
		Debug|Any CPU = Debug|Any CPU
		Release|Any CPU = Release|Any CPU
	EndGlobalSection
	GlobalSection(ProjectConfigurationPlatforms) = postSolution
		{E2885DF5-EA21-4DCE-B0DF-F0DA9783F139}.Debug|Any CPU.ActiveCfg = Debug|Any CPU
		{E2885DF5-EA21-4DCE-B0DF-F0DA9783F139}.Debug|Any CPU.Build.0 = Debug|Any CPU
		{E2885DF5-EA21-4DCE-B0DF-F0DA9783F139}.Release|Any CPU.ActiveCfg = Release|Any CPU
		{E2885DF5-EA21-4DCE-B0DF-F0DA9783F139}.Release|Any CPU.Build.0 = Release|Any CPU
		{40658A66-A105-4A4C-912A-9F6861486324}.Debug|Any CPU.ActiveCfg = Debug|Any CPU
		{40658A66-A105-4A4C-912A-9F6861486324}.Debug|Any CPU.Build.0 = Debug|Any CPU
		{40658A66-A105-4A4C-912A-9F6861486324}.Release|Any CPU.ActiveCfg = Release|Any CPU
		{40658A66-A105-4A4C-912A-9F6861486324}.Release|Any CPU.Build.0 = Release|Any CPU
		{F1F7604A-1366-4833-AA59-9A267BE23CA1}.Debug|Any CPU.ActiveCfg = Debug|Any CPU
		{F1F7604A-1366-4833-AA59-9A267BE23CA1}.Debug|Any CPU.Build.0 = Debug|Any CPU
		{F1F7604A-1366-4833-AA59-9A267BE23CA1}.Release|Any CPU.ActiveCfg = Release|Any CPU
		{F1F7604A-1366-4833-AA59-9A267BE23CA1}.Release|Any CPU.Build.0 = Release|Any CPU
		{A221899D-697A-4B85-9214-994542917360}.Debug|Any CPU.ActiveCfg = Debug|Any CPU
		{A221899D-697A-4B85-9214-994542917360}.Debug|Any CPU.Build.0 = Debug|Any CPU
		{A221899D-697A-4B85-9214-994542917360}.Release|Any CPU.ActiveCfg = Release|Any CPU
		{A221899D-697A-4B85-9214-994542917360}.Release|Any CPU.Build.0 = Release|Any CPU
	EndGlobalSection
	GlobalSection(SolutionProperties) = preSolution
		HideSolutionNode = FALSE
	EndGlobalSection
	GlobalSection(ExtensibilityGlobals) = postSolution
		SolutionGuid = {17D2E57F-D7F7-4CA2-8E38-E37E03FD2358}
	EndGlobalSection
EndGlobal
